
Microsoft Visual Studio Solution File, Format Version 12.00
# Visual Studio 2012
Project("{FAE04EC0-301F-11D3-BF4B-00C04F79EFBC}") = "GeomComp", "GeomComp\GeomComp.csproj", "{8F492A6B-022F-4991-A314-2E957C480400}"
EndProject
Project("{FAE04EC0-301F-11D3-BF4B-00C04F79EFBC}") = "TestsGeomComp", "TestsGeomComp\TestsGeomComp.csproj", "{DC05DA8A-07E5-470C-A854-CD5E3D07CEC3}"
EndProject
Global
	GlobalSection(SolutionConfigurationPlatforms) = preSolution
		Debug|Any CPU = Debug|Any CPU
		Release|Any CPU = Release|Any CPU
	EndGlobalSection
	GlobalSection(ProjectConfigurationPlatforms) = postSolution
		{8F492A6B-022F-4991-A314-2E957C480400}.Debug|Any CPU.ActiveCfg = Debug|Any CPU
		{8F492A6B-022F-4991-A314-2E957C480400}.Debug|Any CPU.Build.0 = Debug|Any CPU
		{8F492A6B-022F-4991-A314-2E957C480400}.Release|Any CPU.ActiveCfg = Release|Any CPU
		{8F492A6B-022F-4991-A314-2E957C480400}.Release|Any CPU.Build.0 = Release|Any CPU
		{DC05DA8A-07E5-470C-A854-CD5E3D07CEC3}.Debug|Any CPU.ActiveCfg = Debug|Any CPU
		{DC05DA8A-07E5-470C-A854-CD5E3D07CEC3}.Debug|Any CPU.Build.0 = Debug|Any CPU
		{DC05DA8A-07E5-470C-A854-CD5E3D07CEC3}.Release|Any CPU.ActiveCfg = Release|Any CPU
		{DC05DA8A-07E5-470C-A854-CD5E3D07CEC3}.Release|Any CPU.Build.0 = Release|Any CPU
	EndGlobalSection
	GlobalSection(SolutionProperties) = preSolution
		HideSolutionNode = FALSE
	EndGlobalSection
EndGlobal
